// !$*UTF8*$!
{
	archiveVersion = 1;
	classes = {
	};
	objectVersion = 55;
	objects = {

/* Begin PBXBuildFile section */
		4E45DA9228318B0100F5BF7A /* Label.swift in Sources */ = {isa = PBXBuildFile; fileRef = 4E45DA9128318B0100F5BF7A /* Label.swift */; };
		4E81D4F22832EDD400829361 /* buttonSound2.wav in Resources */ = {isa = PBXBuildFile; fileRef = 4E81D4F12832EDD400829361 /* buttonSound2.wav */; };
		4E81D4F42832EDE000829361 /* buttonSound3.wav in Resources */ = {isa = PBXBuildFile; fileRef = 4E81D4F32832EDE000829361 /* buttonSound3.wav */; };
		4E81D4F72833739800829361 /* buttonSound4.wav in Resources */ = {isa = PBXBuildFile; fileRef = 4E81D4F62833739800829361 /* buttonSound4.wav */; };
		4E81D4F92833743900829361 /* buttonSound5.wav in Resources */ = {isa = PBXBuildFile; fileRef = 4E81D4F82833743900829361 /* buttonSound5.wav */; };
		4E81D4FB283374F000829361 /* buttonSound6.mp3 in Resources */ = {isa = PBXBuildFile; fileRef = 4E81D4FA283374F000829361 /* buttonSound6.mp3 */; };
		4E81D4FD283375ED00829361 /* buttonSound7.mp3 in Resources */ = {isa = PBXBuildFile; fileRef = 4E81D4FC283375ED00829361 /* buttonSound7.mp3 */; };
		4E81D4FF2833771D00829361 /* buttonSound8.mp3 in Resources */ = {isa = PBXBuildFile; fileRef = 4E81D4FE2833771D00829361 /* buttonSound8.mp3 */; };
		4E81D5012833772800829361 /* buttonSound9.wav in Resources */ = {isa = PBXBuildFile; fileRef = 4E81D5002833772800829361 /* buttonSound9.wav */; };
		4E81D504283383B900829361 /* Baige.swift in Sources */ = {isa = PBXBuildFile; fileRef = 4E81D503283383B900829361 /* Baige.swift */; };
		4ED4C60B282D90BB0062D0AD /* SF-Pro-Display-Medium.otf in Resources */ = {isa = PBXBuildFile; fileRef = 4ED4C60A282D90BB0062D0AD /* SF-Pro-Display-Medium.otf */; };
		4ED4C60D282D90C60062D0AD /* SF-Pro-Display-Bold.otf in Resources */ = {isa = PBXBuildFile; fileRef = 4ED4C60C282D90C60062D0AD /* SF-Pro-Display-Bold.otf */; };
		4ED4C60F282D90DD0062D0AD /* SF-Pro-Display-Regular.otf in Resources */ = {isa = PBXBuildFile; fileRef = 4ED4C60E282D90DD0062D0AD /* SF-Pro-Display-Regular.otf */; };
		4ED4C61A282E4EB40062D0AD /* DarkPreview.png in Resources */ = {isa = PBXBuildFile; fileRef = 4ED4C614282E4EB30062D0AD /* DarkPreview.png */; };
		4ED4C61B282E4EB40062D0AD /* LightPreview.png in Resources */ = {isa = PBXBuildFile; fileRef = 4ED4C615282E4EB30062D0AD /* LightPreview.png */; };
		4ED4C61C282E4EB40062D0AD /* HoloPreview.png in Resources */ = {isa = PBXBuildFile; fileRef = 4ED4C616282E4EB30062D0AD /* HoloPreview.png */; };
		4ED4C61D282E4EB40062D0AD /* MonoPreview.png in Resources */ = {isa = PBXBuildFile; fileRef = 4ED4C617282E4EB40062D0AD /* MonoPreview.png */; };
		4ED4C61E282E4EB40062D0AD /* AlianPreview.png in Resources */ = {isa = PBXBuildFile; fileRef = 4ED4C618282E4EB40062D0AD /* AlianPreview.png */; };
		4ED4C61F282E4EB40062D0AD /* ToxicPreview.png in Resources */ = {isa = PBXBuildFile; fileRef = 4ED4C619282E4EB40062D0AD /* ToxicPreview.png */; };
		C003F2BF282C6AA7006F3FE9 /* SettingsCollectionViewCell.swift in Sources */ = {isa = PBXBuildFile; fileRef = C003F2BE282C6AA7006F3FE9 /* SettingsCollectionViewCell.swift */; };
		C003F2C1282C7615006F3FE9 /* OptionsViewController.swift in Sources */ = {isa = PBXBuildFile; fileRef = C003F2C0282C7615006F3FE9 /* OptionsViewController.swift */; };
		C003F2C3282C76EA006F3FE9 /* VersionCollectionViewCell.swift in Sources */ = {isa = PBXBuildFile; fileRef = C003F2C2282C76EA006F3FE9 /* VersionCollectionViewCell.swift */; };
		C003F2C5282D4320006F3FE9 /* IconCollectionViewCell.swift in Sources */ = {isa = PBXBuildFile; fileRef = C003F2C4282D4320006F3FE9 /* IconCollectionViewCell.swift */; };
		C003F2C7282D74F9006F3FE9 /* SettingsOptions.swift in Sources */ = {isa = PBXBuildFile; fileRef = C003F2C6282D74F9006F3FE9 /* SettingsOptions.swift */; };
		C003F2ED282DB942006F3FE9 /* Mono3x.png in Resources */ = {isa = PBXBuildFile; fileRef = C003F2E3282DB942006F3FE9 /* Mono3x.png */; };
		C003F2EE282DB942006F3FE9 /* Mono@2x.png in Resources */ = {isa = PBXBuildFile; fileRef = C003F2E4282DB942006F3FE9 /* Mono@2x.png */; };
		C003F2EF282DB942006F3FE9 /* Toxic@2x.png in Resources */ = {isa = PBXBuildFile; fileRef = C003F2E5282DB942006F3FE9 /* Toxic@2x.png */; };
		C003F2F0282DB942006F3FE9 /* Dark@2x.png in Resources */ = {isa = PBXBuildFile; fileRef = C003F2E6282DB942006F3FE9 /* Dark@2x.png */; };
		C003F2F1282DB942006F3FE9 /* Holo@2x.png in Resources */ = {isa = PBXBuildFile; fileRef = C003F2E7282DB942006F3FE9 /* Holo@2x.png */; };
		C003F2F2282DB942006F3FE9 /* Alian@2x.png in Resources */ = {isa = PBXBuildFile; fileRef = C003F2E8282DB942006F3FE9 /* Alian@2x.png */; };
		C003F2F3282DB942006F3FE9 /* Dark@3x.png in Resources */ = {isa = PBXBuildFile; fileRef = C003F2E9282DB942006F3FE9 /* Dark@3x.png */; };
		C003F2F4282DB942006F3FE9 /* Holo@3x.png in Resources */ = {isa = PBXBuildFile; fileRef = C003F2EA282DB942006F3FE9 /* Holo@3x.png */; };
		C003F2F5282DB942006F3FE9 /* Toxic@3x.png in Resources */ = {isa = PBXBuildFile; fileRef = C003F2EB282DB942006F3FE9 /* Toxic@3x.png */; };
		C003F2F6282DB942006F3FE9 /* Alian@3x.png in Resources */ = {isa = PBXBuildFile; fileRef = C003F2EC282DB942006F3FE9 /* Alian@3x.png */; };
		C003F2F8282DB993006F3FE9 /* Standart60_3x.png in Resources */ = {isa = PBXBuildFile; fileRef = C003F2F7282DB993006F3FE9 /* Standart60_3x.png */; };
		C003F2FB282DBD8B006F3FE9 /* Font.swift in Sources */ = {isa = PBXBuildFile; fileRef = C003F2FA282DBD8A006F3FE9 /* Font.swift */; };
		C003F310282EF25A006F3FE9 /* ScreenSize.swift in Sources */ = {isa = PBXBuildFile; fileRef = C003F30F282EF25A006F3FE9 /* ScreenSize.swift */; };
		C003F314282FE01A006F3FE9 /* GamePreferences.swift in Sources */ = {isa = PBXBuildFile; fileRef = C003F313282FE01A006F3FE9 /* GamePreferences.swift */; };
		C003F316282FE026006F3FE9 /* Catastrophe.swift in Sources */ = {isa = PBXBuildFile; fileRef = C003F315282FE026006F3FE9 /* Catastrophe.swift */; };
		C003F318282FE030006F3FE9 /* Shelter.swift in Sources */ = {isa = PBXBuildFile; fileRef = C003F317282FE030006F3FE9 /* Shelter.swift */; };
		C003F31A282FECED006F3FE9 /* PackViewController.swift in Sources */ = {isa = PBXBuildFile; fileRef = C003F319282FECED006F3FE9 /* PackViewController.swift */; };
		C003F31C282FEFE7006F3FE9 /* PackCollectionViewCell.swift in Sources */ = {isa = PBXBuildFile; fileRef = C003F31B282FEFE7006F3FE9 /* PackCollectionViewCell.swift */; };
		C003F31E282FF22D006F3FE9 /* DynamicLayout.swift in Sources */ = {isa = PBXBuildFile; fileRef = C003F31D282FF22D006F3FE9 /* DynamicLayout.swift */; };
		C003F32728302B11006F3FE9 /* JsonManager.swift in Sources */ = {isa = PBXBuildFile; fileRef = C003F32628302B11006F3FE9 /* JsonManager.swift */; };
		C003F32928303CFF006F3FE9 /* catastrophe.json in Resources */ = {isa = PBXBuildFile; fileRef = C003F32828303CFF006F3FE9 /* catastrophe.json */; };
		C003F32B28303D1A006F3FE9 /* shelter.json in Resources */ = {isa = PBXBuildFile; fileRef = C003F32A28303D1A006F3FE9 /* shelter.json */; };
		C003F32D28303D2F006F3FE9 /* threat.json in Resources */ = {isa = PBXBuildFile; fileRef = C003F32C28303D2F006F3FE9 /* threat.json */; };
		C003F32F28303D4A006F3FE9 /* condition.json in Resources */ = {isa = PBXBuildFile; fileRef = C003F32E28303D4A006F3FE9 /* condition.json */; };
		C003F33128304971006F3FE9 /* String+Height.swift in Sources */ = {isa = PBXBuildFile; fileRef = C003F33028304971006F3FE9 /* String+Height.swift */; };
		C02D109D28399F050053BFD8 /* ConnectViewModel.swift in Sources */ = {isa = PBXBuildFile; fileRef = C02D109C28399F050053BFD8 /* ConnectViewModel.swift */; };
		C02D109F283BE1B90053BFD8 /* BunkerTabBar.swift in Sources */ = {isa = PBXBuildFile; fileRef = C02D109E283BE1B90053BFD8 /* BunkerTabBar.swift */; };
		C02D10A2283BE33A0053BFD8 /* PlayerViewController.swift in Sources */ = {isa = PBXBuildFile; fileRef = C02D10A1283BE33A0053BFD8 /* PlayerViewController.swift */; };
		C02D10A4283BE3430053BFD8 /* PlayerViewModel.swift in Sources */ = {isa = PBXBuildFile; fileRef = C02D10A3283BE3430053BFD8 /* PlayerViewModel.swift */; };
		C02D10A6283BE44E0053BFD8 /* Game.swift in Sources */ = {isa = PBXBuildFile; fileRef = C02D10A5283BE44E0053BFD8 /* Game.swift */; };
		C02D10A8283C046D0053BFD8 /* MainGameViewController.swift in Sources */ = {isa = PBXBuildFile; fileRef = C02D10A7283C046D0053BFD8 /* MainGameViewController.swift */; };
		C02D10AA283C04800053BFD8 /* ThreatsViewController.swift in Sources */ = {isa = PBXBuildFile; fileRef = C02D10A9283C04800053BFD8 /* ThreatsViewController.swift */; };
		C033A5072831512A006B7A6C /* WebSocketController.swift in Sources */ = {isa = PBXBuildFile; fileRef = C033A5062831512A006B7A6C /* WebSocketController.swift */; };
		C033A5092831671E006B7A6C /* WaitingRoomViewController.swift in Sources */ = {isa = PBXBuildFile; fileRef = C033A5082831671E006B7A6C /* WaitingRoomViewController.swift */; };
		C033A50B283169AB006B7A6C /* WaitingViewModel.swift in Sources */ = {isa = PBXBuildFile; fileRef = C033A50A283169AB006B7A6C /* WaitingViewModel.swift */; };
		C033A50D28318677006B7A6C /* buttonSound1.wav in Resources */ = {isa = PBXBuildFile; fileRef = C033A50C28318677006B7A6C /* buttonSound1.wav */; };
		C0455E4828257A0B00990351 /* AppDelegate.swift in Sources */ = {isa = PBXBuildFile; fileRef = C0455E4728257A0B00990351 /* AppDelegate.swift */; };
		C0455E4A28257A0B00990351 /* SceneDelegate.swift in Sources */ = {isa = PBXBuildFile; fileRef = C0455E4928257A0B00990351 /* SceneDelegate.swift */; };
		C0455E4C28257A0B00990351 /* WelcomeScreen.swift in Sources */ = {isa = PBXBuildFile; fileRef = C0455E4B28257A0B00990351 /* WelcomeScreen.swift */; };
		C0455E5128257A0B00990351 /* Assets.xcassets in Resources */ = {isa = PBXBuildFile; fileRef = C0455E5028257A0B00990351 /* Assets.xcassets */; };
		C0455E5428257A0B00990351 /* LaunchScreen.storyboard in Resources */ = {isa = PBXBuildFile; fileRef = C0455E5228257A0B00990351 /* LaunchScreen.storyboard */; };
		C0455E5F28257A0B00990351 /* BunkerTests.swift in Sources */ = {isa = PBXBuildFile; fileRef = C0455E5E28257A0B00990351 /* BunkerTests.swift */; };
		C0455E6928257A0B00990351 /* BunkerUITests.swift in Sources */ = {isa = PBXBuildFile; fileRef = C0455E6828257A0B00990351 /* BunkerUITests.swift */; };
		C0455E6B28257A0B00990351 /* BunkerUITestsLaunchTests.swift in Sources */ = {isa = PBXBuildFile; fileRef = C0455E6A28257A0B00990351 /* BunkerUITestsLaunchTests.swift */; };
		C0455E7828257C4400990351 /* Colors.swift in Sources */ = {isa = PBXBuildFile; fileRef = C0455E7728257C4400990351 /* Colors.swift */; };
		C0455E7C28257E8E00990351 /* PrimaryButton.swift in Sources */ = {isa = PBXBuildFile; fileRef = C0455E7B28257E8E00990351 /* PrimaryButton.swift */; };
		C0455E7E28257ECD00990351 /* CALayer+Shadow.swift in Sources */ = {isa = PBXBuildFile; fileRef = C0455E7D28257ECD00990351 /* CALayer+Shadow.swift */; };
		C0455E802825805000990351 /* View+Pin.swift in Sources */ = {isa = PBXBuildFile; fileRef = C0455E7F2825805000990351 /* View+Pin.swift */; };
		C0455E832825827A00990351 /* BaseNavigationController.swift in Sources */ = {isa = PBXBuildFile; fileRef = C0455E822825827A00990351 /* BaseNavigationController.swift */; };
		C0455E852825856500990351 /* BunkerLogo.swift in Sources */ = {isa = PBXBuildFile; fileRef = C0455E842825856500990351 /* BunkerLogo.swift */; };
		C0455E892825912F00990351 /* SettingsViewController.swift in Sources */ = {isa = PBXBuildFile; fileRef = C0455E882825912F00990351 /* SettingsViewController.swift */; };
		C0455E8C2825923200990351 /* CreateGameViewController.swift in Sources */ = {isa = PBXBuildFile; fileRef = C0455E8B2825923200990351 /* CreateGameViewController.swift */; };
		C0455E8F282592C400990351 /* BunkerTextField.swift in Sources */ = {isa = PBXBuildFile; fileRef = C0455E8E282592C400990351 /* BunkerTextField.swift */; };
		C0455E912825968C00990351 /* GameOptionView.swift in Sources */ = {isa = PBXBuildFile; fileRef = C0455E902825968C00990351 /* GameOptionView.swift */; };
		C0455E952825A14300990351 /* WebSocketTypes.swift in Sources */ = {isa = PBXBuildFile; fileRef = C0455E942825A14300990351 /* WebSocketTypes.swift */; };
		C0455E972825A1A200990351 /* UserSettings.swift in Sources */ = {isa = PBXBuildFile; fileRef = C0455E962825A1A200990351 /* UserSettings.swift */; };
		C0455E992825A1C300990351 /* ConnectToGameViewController.swift in Sources */ = {isa = PBXBuildFile; fileRef = C0455E982825A1C300990351 /* ConnectToGameViewController.swift */; };
		C0455E9B2825A1DF00990351 /* TabGameViewController.swift in Sources */ = {isa = PBXBuildFile; fileRef = C0455E9A2825A1DF00990351 /* TabGameViewController.swift */; };
		C0455E9D2825BDCC00990351 /* RoomCodeViewController.swift in Sources */ = {isa = PBXBuildFile; fileRef = C0455E9C2825BDCC00990351 /* RoomCodeViewController.swift */; };
		C0455E9F2825C5F500990351 /* SplittedDigitInput.swift in Sources */ = {isa = PBXBuildFile; fileRef = C0455E9E2825C5F500990351 /* SplittedDigitInput.swift */; };
		C048A072283283EA008C9F5B /* WaitingCollectionViewCell.swift in Sources */ = {isa = PBXBuildFile; fileRef = C048A071283283EA008C9F5B /* WaitingCollectionViewCell.swift */; };
		C06642CE287B8A6300DD7C28 /* ConditionCollectionViewCell.swift in Sources */ = {isa = PBXBuildFile; fileRef = C06642CD287B8A6300DD7C28 /* ConditionCollectionViewCell.swift */; };
		C06642D0287CCDFE00DD7C28 /* ThreatsViewModel.swift in Sources */ = {isa = PBXBuildFile; fileRef = C06642CF287CCDFE00DD7C28 /* ThreatsViewModel.swift */; };
		C06642D2287CCE0800DD7C28 /* MainGameViewModel.swift in Sources */ = {isa = PBXBuildFile; fileRef = C06642D1287CCE0800DD7C28 /* MainGameViewModel.swift */; };
		C06D637C2836ED9C00253B24 /* WaitingRoom.swift in Sources */ = {isa = PBXBuildFile; fileRef = C06D637B2836ED9C00253B24 /* WaitingRoom.swift */; };
		C06D637E2838557F00253B24 /* CreateGameViewModel.swift in Sources */ = {isa = PBXBuildFile; fileRef = C06D637D2838557F00253B24 /* CreateGameViewModel.swift */; };
		C0BAE407285BD0F2005F1E3C /* ButtonCollectionViewCell.swift in Sources */ = {isa = PBXBuildFile; fileRef = C0BAE406285BD0F2005F1E3C /* ButtonCollectionViewCell.swift */; };
/* End PBXBuildFile section */

/* Begin PBXContainerItemProxy section */
		C0455E5B28257A0B00990351 /* PBXContainerItemProxy */ = {
			isa = PBXContainerItemProxy;
			containerPortal = C0455E3C28257A0B00990351 /* Project object */;
			proxyType = 1;
			remoteGlobalIDString = C0455E4328257A0B00990351;
			remoteInfo = Bunker;
		};
		C0455E6528257A0B00990351 /* PBXContainerItemProxy */ = {
			isa = PBXContainerItemProxy;
			containerPortal = C0455E3C28257A0B00990351 /* Project object */;
			proxyType = 1;
			remoteGlobalIDString = C0455E4328257A0B00990351;
			remoteInfo = Bunker;
		};
/* End PBXContainerItemProxy section */

/* Begin PBXFileReference section */
		4E45DA9128318B0100F5BF7A /* Label.swift */ = {isa = PBXFileReference; lastKnownFileType = sourcecode.swift; path = Label.swift; sourceTree = "<group>"; };
		4E81D4F12832EDD400829361 /* buttonSound2.wav */ = {isa = PBXFileReference; lastKnownFileType = audio.wav; path = buttonSound2.wav; sourceTree = "<group>"; };
		4E81D4F32832EDE000829361 /* buttonSound3.wav */ = {isa = PBXFileReference; lastKnownFileType = audio.wav; path = buttonSound3.wav; sourceTree = "<group>"; };
		4E81D4F62833739800829361 /* buttonSound4.wav */ = {isa = PBXFileReference; lastKnownFileType = audio.wav; path = buttonSound4.wav; sourceTree = "<group>"; };
		4E81D4F82833743900829361 /* buttonSound5.wav */ = {isa = PBXFileReference; lastKnownFileType = audio.wav; path = buttonSound5.wav; sourceTree = "<group>"; };
		4E81D4FA283374F000829361 /* buttonSound6.mp3 */ = {isa = PBXFileReference; lastKnownFileType = audio.mp3; path = buttonSound6.mp3; sourceTree = "<group>"; };
		4E81D4FC283375ED00829361 /* buttonSound7.mp3 */ = {isa = PBXFileReference; lastKnownFileType = audio.mp3; path = buttonSound7.mp3; sourceTree = "<group>"; };
		4E81D4FE2833771D00829361 /* buttonSound8.mp3 */ = {isa = PBXFileReference; lastKnownFileType = audio.mp3; path = buttonSound8.mp3; sourceTree = "<group>"; };
		4E81D5002833772800829361 /* buttonSound9.wav */ = {isa = PBXFileReference; lastKnownFileType = audio.wav; path = buttonSound9.wav; sourceTree = "<group>"; };
		4E81D503283383B900829361 /* Baige.swift */ = {isa = PBXFileReference; lastKnownFileType = sourcecode.swift; path = Baige.swift; sourceTree = "<group>"; };
		4ED4C60A282D90BB0062D0AD /* SF-Pro-Display-Medium.otf */ = {isa = PBXFileReference; lastKnownFileType = file; path = "SF-Pro-Display-Medium.otf"; sourceTree = "<group>"; };
		4ED4C60C282D90C60062D0AD /* SF-Pro-Display-Bold.otf */ = {isa = PBXFileReference; lastKnownFileType = file; path = "SF-Pro-Display-Bold.otf"; sourceTree = "<group>"; };
		4ED4C60E282D90DD0062D0AD /* SF-Pro-Display-Regular.otf */ = {isa = PBXFileReference; lastKnownFileType = file; path = "SF-Pro-Display-Regular.otf"; sourceTree = "<group>"; };
		4ED4C614282E4EB30062D0AD /* DarkPreview.png */ = {isa = PBXFileReference; lastKnownFileType = image.png; path = DarkPreview.png; sourceTree = "<group>"; };
		4ED4C615282E4EB30062D0AD /* LightPreview.png */ = {isa = PBXFileReference; lastKnownFileType = image.png; path = LightPreview.png; sourceTree = "<group>"; };
		4ED4C616282E4EB30062D0AD /* HoloPreview.png */ = {isa = PBXFileReference; lastKnownFileType = image.png; path = HoloPreview.png; sourceTree = "<group>"; };
		4ED4C617282E4EB40062D0AD /* MonoPreview.png */ = {isa = PBXFileReference; lastKnownFileType = image.png; path = MonoPreview.png; sourceTree = "<group>"; };
		4ED4C618282E4EB40062D0AD /* AlianPreview.png */ = {isa = PBXFileReference; lastKnownFileType = image.png; path = AlianPreview.png; sourceTree = "<group>"; };
		4ED4C619282E4EB40062D0AD /* ToxicPreview.png */ = {isa = PBXFileReference; lastKnownFileType = image.png; path = ToxicPreview.png; sourceTree = "<group>"; };
		C003F2BE282C6AA7006F3FE9 /* SettingsCollectionViewCell.swift */ = {isa = PBXFileReference; lastKnownFileType = sourcecode.swift; path = SettingsCollectionViewCell.swift; sourceTree = "<group>"; };
		C003F2C0282C7615006F3FE9 /* OptionsViewController.swift */ = {isa = PBXFileReference; lastKnownFileType = sourcecode.swift; path = OptionsViewController.swift; sourceTree = "<group>"; };
		C003F2C2282C76EA006F3FE9 /* VersionCollectionViewCell.swift */ = {isa = PBXFileReference; lastKnownFileType = sourcecode.swift; path = VersionCollectionViewCell.swift; sourceTree = "<group>"; };
		C003F2C4282D4320006F3FE9 /* IconCollectionViewCell.swift */ = {isa = PBXFileReference; lastKnownFileType = sourcecode.swift; path = IconCollectionViewCell.swift; sourceTree = "<group>"; };
		C003F2C6282D74F9006F3FE9 /* SettingsOptions.swift */ = {isa = PBXFileReference; lastKnownFileType = sourcecode.swift; path = SettingsOptions.swift; sourceTree = "<group>"; };
		C003F2E3282DB942006F3FE9 /* Mono3x.png */ = {isa = PBXFileReference; lastKnownFileType = image.png; path = Mono3x.png; sourceTree = "<group>"; };
		C003F2E4282DB942006F3FE9 /* Mono@2x.png */ = {isa = PBXFileReference; lastKnownFileType = image.png; path = "Mono@2x.png"; sourceTree = "<group>"; };
		C003F2E5282DB942006F3FE9 /* Toxic@2x.png */ = {isa = PBXFileReference; lastKnownFileType = image.png; path = "Toxic@2x.png"; sourceTree = "<group>"; };
		C003F2E6282DB942006F3FE9 /* Dark@2x.png */ = {isa = PBXFileReference; lastKnownFileType = image.png; path = "Dark@2x.png"; sourceTree = "<group>"; };
		C003F2E7282DB942006F3FE9 /* Holo@2x.png */ = {isa = PBXFileReference; lastKnownFileType = image.png; path = "Holo@2x.png"; sourceTree = "<group>"; };
		C003F2E8282DB942006F3FE9 /* Alian@2x.png */ = {isa = PBXFileReference; lastKnownFileType = image.png; path = "Alian@2x.png"; sourceTree = "<group>"; };
		C003F2E9282DB942006F3FE9 /* Dark@3x.png */ = {isa = PBXFileReference; lastKnownFileType = image.png; path = "Dark@3x.png"; sourceTree = "<group>"; };
		C003F2EA282DB942006F3FE9 /* Holo@3x.png */ = {isa = PBXFileReference; lastKnownFileType = image.png; path = "Holo@3x.png"; sourceTree = "<group>"; };
		C003F2EB282DB942006F3FE9 /* Toxic@3x.png */ = {isa = PBXFileReference; lastKnownFileType = image.png; path = "Toxic@3x.png"; sourceTree = "<group>"; };
		C003F2EC282DB942006F3FE9 /* Alian@3x.png */ = {isa = PBXFileReference; lastKnownFileType = image.png; path = "Alian@3x.png"; sourceTree = "<group>"; };
		C003F2F7282DB993006F3FE9 /* Standart60_3x.png */ = {isa = PBXFileReference; lastKnownFileType = image.png; path = Standart60_3x.png; sourceTree = "<group>"; };
		C003F2FA282DBD8A006F3FE9 /* Font.swift */ = {isa = PBXFileReference; lastKnownFileType = sourcecode.swift; path = Font.swift; sourceTree = "<group>"; };
		C003F30F282EF25A006F3FE9 /* ScreenSize.swift */ = {isa = PBXFileReference; lastKnownFileType = sourcecode.swift; path = ScreenSize.swift; sourceTree = "<group>"; };
		C003F313282FE01A006F3FE9 /* GamePreferences.swift */ = {isa = PBXFileReference; lastKnownFileType = sourcecode.swift; path = GamePreferences.swift; sourceTree = "<group>"; };
		C003F315282FE026006F3FE9 /* Catastrophe.swift */ = {isa = PBXFileReference; lastKnownFileType = sourcecode.swift; path = Catastrophe.swift; sourceTree = "<group>"; };
		C003F317282FE030006F3FE9 /* Shelter.swift */ = {isa = PBXFileReference; lastKnownFileType = sourcecode.swift; path = Shelter.swift; sourceTree = "<group>"; };
		C003F319282FECED006F3FE9 /* PackViewController.swift */ = {isa = PBXFileReference; lastKnownFileType = sourcecode.swift; path = PackViewController.swift; sourceTree = "<group>"; };
		C003F31B282FEFE7006F3FE9 /* PackCollectionViewCell.swift */ = {isa = PBXFileReference; lastKnownFileType = sourcecode.swift; path = PackCollectionViewCell.swift; sourceTree = "<group>"; };
		C003F31D282FF22D006F3FE9 /* DynamicLayout.swift */ = {isa = PBXFileReference; lastKnownFileType = sourcecode.swift; path = DynamicLayout.swift; sourceTree = "<group>"; };
		C003F32628302B11006F3FE9 /* JsonManager.swift */ = {isa = PBXFileReference; lastKnownFileType = sourcecode.swift; path = JsonManager.swift; sourceTree = "<group>"; };
		C003F32828303CFF006F3FE9 /* catastrophe.json */ = {isa = PBXFileReference; fileEncoding = 4; lastKnownFileType = text.json; path = catastrophe.json; sourceTree = "<group>"; };
		C003F32A28303D1A006F3FE9 /* shelter.json */ = {isa = PBXFileReference; fileEncoding = 4; lastKnownFileType = text.json; path = shelter.json; sourceTree = "<group>"; };
		C003F32C28303D2F006F3FE9 /* threat.json */ = {isa = PBXFileReference; fileEncoding = 4; lastKnownFileType = text.json; path = threat.json; sourceTree = "<group>"; };
		C003F32E28303D4A006F3FE9 /* condition.json */ = {isa = PBXFileReference; fileEncoding = 4; lastKnownFileType = text.json; path = condition.json; sourceTree = "<group>"; };
		C003F33028304971006F3FE9 /* String+Height.swift */ = {isa = PBXFileReference; lastKnownFileType = sourcecode.swift; path = "String+Height.swift"; sourceTree = "<group>"; };
		C02D109C28399F050053BFD8 /* ConnectViewModel.swift */ = {isa = PBXFileReference; lastKnownFileType = sourcecode.swift; path = ConnectViewModel.swift; sourceTree = "<group>"; };
		C02D109E283BE1B90053BFD8 /* BunkerTabBar.swift */ = {isa = PBXFileReference; lastKnownFileType = sourcecode.swift; path = BunkerTabBar.swift; sourceTree = "<group>"; };
		C02D10A1283BE33A0053BFD8 /* PlayerViewController.swift */ = {isa = PBXFileReference; lastKnownFileType = sourcecode.swift; path = PlayerViewController.swift; sourceTree = "<group>"; };
		C02D10A3283BE3430053BFD8 /* PlayerViewModel.swift */ = {isa = PBXFileReference; lastKnownFileType = sourcecode.swift; path = PlayerViewModel.swift; sourceTree = "<group>"; };
		C02D10A5283BE44E0053BFD8 /* Game.swift */ = {isa = PBXFileReference; lastKnownFileType = sourcecode.swift; path = Game.swift; sourceTree = "<group>"; };
		C02D10A7283C046D0053BFD8 /* MainGameViewController.swift */ = {isa = PBXFileReference; lastKnownFileType = sourcecode.swift; path = MainGameViewController.swift; sourceTree = "<group>"; };
		C02D10A9283C04800053BFD8 /* ThreatsViewController.swift */ = {isa = PBXFileReference; lastKnownFileType = sourcecode.swift; path = ThreatsViewController.swift; sourceTree = "<group>"; };
		C033A5062831512A006B7A6C /* WebSocketController.swift */ = {isa = PBXFileReference; lastKnownFileType = sourcecode.swift; path = WebSocketController.swift; sourceTree = "<group>"; };
		C033A5082831671E006B7A6C /* WaitingRoomViewController.swift */ = {isa = PBXFileReference; lastKnownFileType = sourcecode.swift; path = WaitingRoomViewController.swift; sourceTree = "<group>"; };
		C033A50A283169AB006B7A6C /* WaitingViewModel.swift */ = {isa = PBXFileReference; lastKnownFileType = sourcecode.swift; path = WaitingViewModel.swift; sourceTree = "<group>"; };
		C033A50C28318677006B7A6C /* buttonSound1.wav */ = {isa = PBXFileReference; lastKnownFileType = audio.wav; path = buttonSound1.wav; sourceTree = "<group>"; };
		C0455E4428257A0B00990351 /* Bunker.app */ = {isa = PBXFileReference; explicitFileType = wrapper.application; includeInIndex = 0; path = Bunker.app; sourceTree = BUILT_PRODUCTS_DIR; };
		C0455E4728257A0B00990351 /* AppDelegate.swift */ = {isa = PBXFileReference; lastKnownFileType = sourcecode.swift; path = AppDelegate.swift; sourceTree = "<group>"; };
		C0455E4928257A0B00990351 /* SceneDelegate.swift */ = {isa = PBXFileReference; lastKnownFileType = sourcecode.swift; path = SceneDelegate.swift; sourceTree = "<group>"; };
		C0455E4B28257A0B00990351 /* WelcomeScreen.swift */ = {isa = PBXFileReference; lastKnownFileType = sourcecode.swift; path = WelcomeScreen.swift; sourceTree = "<group>"; };
		C0455E5028257A0B00990351 /* Assets.xcassets */ = {isa = PBXFileReference; lastKnownFileType = folder.assetcatalog; path = Assets.xcassets; sourceTree = "<group>"; };
		C0455E5328257A0B00990351 /* Base */ = {isa = PBXFileReference; lastKnownFileType = file.storyboard; name = Base; path = Base.lproj/LaunchScreen.storyboard; sourceTree = "<group>"; };
		C0455E5528257A0B00990351 /* Info.plist */ = {isa = PBXFileReference; lastKnownFileType = text.plist.xml; path = Info.plist; sourceTree = "<group>"; };
		C0455E5A28257A0B00990351 /* BunkerTests.xctest */ = {isa = PBXFileReference; explicitFileType = wrapper.cfbundle; includeInIndex = 0; path = BunkerTests.xctest; sourceTree = BUILT_PRODUCTS_DIR; };
		C0455E5E28257A0B00990351 /* BunkerTests.swift */ = {isa = PBXFileReference; lastKnownFileType = sourcecode.swift; path = BunkerTests.swift; sourceTree = "<group>"; };
		C0455E6428257A0B00990351 /* BunkerUITests.xctest */ = {isa = PBXFileReference; explicitFileType = wrapper.cfbundle; includeInIndex = 0; path = BunkerUITests.xctest; sourceTree = BUILT_PRODUCTS_DIR; };
		C0455E6828257A0B00990351 /* BunkerUITests.swift */ = {isa = PBXFileReference; lastKnownFileType = sourcecode.swift; path = BunkerUITests.swift; sourceTree = "<group>"; };
		C0455E6A28257A0B00990351 /* BunkerUITestsLaunchTests.swift */ = {isa = PBXFileReference; lastKnownFileType = sourcecode.swift; path = BunkerUITestsLaunchTests.swift; sourceTree = "<group>"; };
		C0455E7728257C4400990351 /* Colors.swift */ = {isa = PBXFileReference; lastKnownFileType = sourcecode.swift; path = Colors.swift; sourceTree = "<group>"; };
		C0455E7B28257E8E00990351 /* PrimaryButton.swift */ = {isa = PBXFileReference; lastKnownFileType = sourcecode.swift; path = PrimaryButton.swift; sourceTree = "<group>"; };
		C0455E7D28257ECD00990351 /* CALayer+Shadow.swift */ = {isa = PBXFileReference; lastKnownFileType = sourcecode.swift; path = "CALayer+Shadow.swift"; sourceTree = "<group>"; };
		C0455E7F2825805000990351 /* View+Pin.swift */ = {isa = PBXFileReference; lastKnownFileType = sourcecode.swift; path = "View+Pin.swift"; sourceTree = "<group>"; };
		C0455E822825827A00990351 /* BaseNavigationController.swift */ = {isa = PBXFileReference; lastKnownFileType = sourcecode.swift; path = BaseNavigationController.swift; sourceTree = "<group>"; };
		C0455E842825856500990351 /* BunkerLogo.swift */ = {isa = PBXFileReference; lastKnownFileType = sourcecode.swift; path = BunkerLogo.swift; sourceTree = "<group>"; };
		C0455E882825912F00990351 /* SettingsViewController.swift */ = {isa = PBXFileReference; lastKnownFileType = sourcecode.swift; path = SettingsViewController.swift; sourceTree = "<group>"; };
		C0455E8B2825923200990351 /* CreateGameViewController.swift */ = {isa = PBXFileReference; lastKnownFileType = sourcecode.swift; path = CreateGameViewController.swift; sourceTree = "<group>"; };
		C0455E8E282592C400990351 /* BunkerTextField.swift */ = {isa = PBXFileReference; lastKnownFileType = sourcecode.swift; path = BunkerTextField.swift; sourceTree = "<group>"; };
		C0455E902825968C00990351 /* GameOptionView.swift */ = {isa = PBXFileReference; lastKnownFileType = sourcecode.swift; path = GameOptionView.swift; sourceTree = "<group>"; };
		C0455E942825A14300990351 /* WebSocketTypes.swift */ = {isa = PBXFileReference; lastKnownFileType = sourcecode.swift; path = WebSocketTypes.swift; sourceTree = "<group>"; };
		C0455E962825A1A200990351 /* UserSettings.swift */ = {isa = PBXFileReference; lastKnownFileType = sourcecode.swift; path = UserSettings.swift; sourceTree = "<group>"; };
		C0455E982825A1C300990351 /* ConnectToGameViewController.swift */ = {isa = PBXFileReference; lastKnownFileType = sourcecode.swift; path = ConnectToGameViewController.swift; sourceTree = "<group>"; };
		C0455E9A2825A1DF00990351 /* TabGameViewController.swift */ = {isa = PBXFileReference; lastKnownFileType = sourcecode.swift; path = TabGameViewController.swift; sourceTree = "<group>"; };
		C0455E9C2825BDCC00990351 /* RoomCodeViewController.swift */ = {isa = PBXFileReference; lastKnownFileType = sourcecode.swift; path = RoomCodeViewController.swift; sourceTree = "<group>"; };
		C0455E9E2825C5F500990351 /* SplittedDigitInput.swift */ = {isa = PBXFileReference; lastKnownFileType = sourcecode.swift; path = SplittedDigitInput.swift; sourceTree = "<group>"; };
		C048A071283283EA008C9F5B /* WaitingCollectionViewCell.swift */ = {isa = PBXFileReference; lastKnownFileType = sourcecode.swift; path = WaitingCollectionViewCell.swift; sourceTree = "<group>"; };
		C06642CD287B8A6300DD7C28 /* ConditionCollectionViewCell.swift */ = {isa = PBXFileReference; lastKnownFileType = sourcecode.swift; path = ConditionCollectionViewCell.swift; sourceTree = "<group>"; };
		C06642CF287CCDFE00DD7C28 /* ThreatsViewModel.swift */ = {isa = PBXFileReference; lastKnownFileType = sourcecode.swift; path = ThreatsViewModel.swift; sourceTree = "<group>"; };
		C06642D1287CCE0800DD7C28 /* MainGameViewModel.swift */ = {isa = PBXFileReference; lastKnownFileType = sourcecode.swift; path = MainGameViewModel.swift; sourceTree = "<group>"; };
		C06D637B2836ED9C00253B24 /* WaitingRoom.swift */ = {isa = PBXFileReference; lastKnownFileType = sourcecode.swift; path = WaitingRoom.swift; sourceTree = "<group>"; };
		C06D637D2838557F00253B24 /* CreateGameViewModel.swift */ = {isa = PBXFileReference; lastKnownFileType = sourcecode.swift; path = CreateGameViewModel.swift; sourceTree = "<group>"; };
		C0BAE406285BD0F2005F1E3C /* ButtonCollectionViewCell.swift */ = {isa = PBXFileReference; lastKnownFileType = sourcecode.swift; path = ButtonCollectionViewCell.swift; sourceTree = "<group>"; };
/* End PBXFileReference section */

/* Begin PBXFrameworksBuildPhase section */
		C0455E4128257A0B00990351 /* Frameworks */ = {
			isa = PBXFrameworksBuildPhase;
			buildActionMask = 2147483647;
			files = (
			);
			runOnlyForDeploymentPostprocessing = 0;
		};
		C0455E5728257A0B00990351 /* Frameworks */ = {
			isa = PBXFrameworksBuildPhase;
			buildActionMask = 2147483647;
			files = (
			);
			runOnlyForDeploymentPostprocessing = 0;
		};
		C0455E6128257A0B00990351 /* Frameworks */ = {
			isa = PBXFrameworksBuildPhase;
			buildActionMask = 2147483647;
			files = (
			);
			runOnlyForDeploymentPostprocessing = 0;
		};
/* End PBXFrameworksBuildPhase section */

/* Begin PBXGroup section */
		4E81D4F52832EDF900829361 /* Sounds */ = {
			isa = PBXGroup;
			children = (
				4E81D5002833772800829361 /* buttonSound9.wav */,
				4E81D4FE2833771D00829361 /* buttonSound8.mp3 */,
				4E81D4FC283375ED00829361 /* buttonSound7.mp3 */,
				4E81D4FA283374F000829361 /* buttonSound6.mp3 */,
				4E81D4F82833743900829361 /* buttonSound5.wav */,
				4E81D4F62833739800829361 /* buttonSound4.wav */,
				C033A50C28318677006B7A6C /* buttonSound1.wav */,
				4E81D4F12832EDD400829361 /* buttonSound2.wav */,
				4E81D4F32832EDE000829361 /* buttonSound3.wav */,
			);
			path = Sounds;
			sourceTree = "<group>";
		};
		4E81D5022833839A00829361 /* Label */ = {
			isa = PBXGroup;
			children = (
				4E81D503283383B900829361 /* Baige.swift */,
			);
			path = Label;
			sourceTree = "<group>";
		};
		4ED4C609282D90730062D0AD /* Fonts */ = {
			isa = PBXGroup;
			children = (
				4ED4C60E282D90DD0062D0AD /* SF-Pro-Display-Regular.otf */,
				4ED4C60A282D90BB0062D0AD /* SF-Pro-Display-Medium.otf */,
				4ED4C60C282D90C60062D0AD /* SF-Pro-Display-Bold.otf */,
			);
			path = Fonts;
			sourceTree = "<group>";
		};
		C003F2C8282D7611006F3FE9 /* Cells */ = {
			isa = PBXGroup;
			children = (
				C003F2BE282C6AA7006F3FE9 /* SettingsCollectionViewCell.swift */,
				C003F2C2282C76EA006F3FE9 /* VersionCollectionViewCell.swift */,
				C003F2C4282D4320006F3FE9 /* IconCollectionViewCell.swift */,
				C003F31B282FEFE7006F3FE9 /* PackCollectionViewCell.swift */,
				C048A071283283EA008C9F5B /* WaitingCollectionViewCell.swift */,
				C0BAE406285BD0F2005F1E3C /* ButtonCollectionViewCell.swift */,
				C06642CD287B8A6300DD7C28 /* ConditionCollectionViewCell.swift */,
			);
			path = Cells;
			sourceTree = "<group>";
		};
		C003F2E2282DB925006F3FE9 /* Icons */ = {
			isa = PBXGroup;
			children = (
				C003F2F7282DB993006F3FE9 /* Standart60_3x.png */,
				C003F2E8282DB942006F3FE9 /* Alian@2x.png */,
				C003F2EC282DB942006F3FE9 /* Alian@3x.png */,
				C003F2E6282DB942006F3FE9 /* Dark@2x.png */,
				C003F2E9282DB942006F3FE9 /* Dark@3x.png */,
				C003F2E7282DB942006F3FE9 /* Holo@2x.png */,
				C003F2EA282DB942006F3FE9 /* Holo@3x.png */,
				C003F2E4282DB942006F3FE9 /* Mono@2x.png */,
				C003F2E3282DB942006F3FE9 /* Mono3x.png */,
				C003F2E5282DB942006F3FE9 /* Toxic@2x.png */,
				C003F2EB282DB942006F3FE9 /* Toxic@3x.png */,
				4ED4C618282E4EB40062D0AD /* AlianPreview.png */,
				4ED4C614282E4EB30062D0AD /* DarkPreview.png */,
				4ED4C616282E4EB30062D0AD /* HoloPreview.png */,
				4ED4C615282E4EB30062D0AD /* LightPreview.png */,
				4ED4C617282E4EB40062D0AD /* MonoPreview.png */,
				4ED4C619282E4EB40062D0AD /* ToxicPreview.png */,
			);
			path = Icons;
			sourceTree = "<group>";
		};
		C003F2F9282DBD76006F3FE9 /* Extensions */ = {
			isa = PBXGroup;
			children = (
				C0455E7D28257ECD00990351 /* CALayer+Shadow.swift */,
				C0455E7F2825805000990351 /* View+Pin.swift */,
				C0455E7728257C4400990351 /* Colors.swift */,
				C003F2FA282DBD8A006F3FE9 /* Font.swift */,
				4E45DA9128318B0100F5BF7A /* Label.swift */,
				C003F30F282EF25A006F3FE9 /* ScreenSize.swift */,
				C003F33028304971006F3FE9 /* String+Height.swift */,
			);
			path = Extensions;
			sourceTree = "<group>";
		};
		C003F311282FE000006F3FE9 /* Model */ = {
			isa = PBXGroup;
			children = (
				C003F313282FE01A006F3FE9 /* GamePreferences.swift */,
				C003F315282FE026006F3FE9 /* Catastrophe.swift */,
				C003F317282FE030006F3FE9 /* Shelter.swift */,
				C06D637B2836ED9C00253B24 /* WaitingRoom.swift */,
				C02D10A5283BE44E0053BFD8 /* Game.swift */,
			);
			path = Model;
			sourceTree = "<group>";
		};
		C003F31F282FF25E006F3FE9 /* Layout */ = {
			isa = PBXGroup;
			children = (
				C003F31D282FF22D006F3FE9 /* DynamicLayout.swift */,
			);
			path = Layout;
			sourceTree = "<group>";
		};
		C003F320282FF26B006F3FE9 /* Buttons */ = {
			isa = PBXGroup;
			children = (
				C0455E7B28257E8E00990351 /* PrimaryButton.swift */,
				C0455E902825968C00990351 /* GameOptionView.swift */,
			);
			path = Buttons;
			sourceTree = "<group>";
		};
		C003F321282FF275006F3FE9 /* Input */ = {
			isa = PBXGroup;
			children = (
				C0455E8E282592C400990351 /* BunkerTextField.swift */,
				C0455E9E2825C5F500990351 /* SplittedDigitInput.swift */,
			);
			path = Input;
			sourceTree = "<group>";
		};
		C003F322283028A3006F3FE9 /* GameData */ = {
			isa = PBXGroup;
			children = (
				C003F32E28303D4A006F3FE9 /* condition.json */,
				C003F32C28303D2F006F3FE9 /* threat.json */,
				C003F32A28303D1A006F3FE9 /* shelter.json */,
				C003F32828303CFF006F3FE9 /* catastrophe.json */,
			);
			path = GameData;
			sourceTree = "<group>";
		};
		C003F32528302B04006F3FE9 /* Helpers */ = {
			isa = PBXGroup;
			children = (
				C003F32628302B11006F3FE9 /* JsonManager.swift */,
			);
			path = Helpers;
			sourceTree = "<group>";
		};
		C02D109B28399EF60053BFD8 /* ViewModel */ = {
			isa = PBXGroup;
			children = (
				C02D109C28399F050053BFD8 /* ConnectViewModel.swift */,
			);
			path = ViewModel;
			sourceTree = "<group>";
		};
		C0455E3B28257A0B00990351 = {
			isa = PBXGroup;
			children = (
				C0455E4628257A0B00990351 /* Bunker */,
				C0455E5D28257A0B00990351 /* BunkerTests */,
				C0455E6728257A0B00990351 /* BunkerUITests */,
				C0455E4528257A0B00990351 /* Products */,
			);
			sourceTree = "<group>";
		};
		C0455E4528257A0B00990351 /* Products */ = {
			isa = PBXGroup;
			children = (
				C0455E4428257A0B00990351 /* Bunker.app */,
				C0455E5A28257A0B00990351 /* BunkerTests.xctest */,
				C0455E6428257A0B00990351 /* BunkerUITests.xctest */,
			);
			name = Products;
			sourceTree = "<group>";
		};
		C0455E4628257A0B00990351 /* Bunker */ = {
			isa = PBXGroup;
			children = (
				C0455E812825825500990351 /* Main */,
				C0455E7928257D7E00990351 /* Screens */,
				C003F311282FE000006F3FE9 /* Model */,
				C0455E932825A11200990351 /* Networking */,
				C0455E7A28257E5500990351 /* Utils */,
				C06D638228394CA800253B24 /* Assets */,
				C0455E5528257A0B00990351 /* Info.plist */,
			);
			path = Bunker;
			sourceTree = "<group>";
		};
		C0455E5D28257A0B00990351 /* BunkerTests */ = {
			isa = PBXGroup;
			children = (
				C0455E5E28257A0B00990351 /* BunkerTests.swift */,
			);
			path = BunkerTests;
			sourceTree = "<group>";
		};
		C0455E6728257A0B00990351 /* BunkerUITests */ = {
			isa = PBXGroup;
			children = (
				C0455E6828257A0B00990351 /* BunkerUITests.swift */,
				C0455E6A28257A0B00990351 /* BunkerUITestsLaunchTests.swift */,
			);
			path = BunkerUITests;
			sourceTree = "<group>";
		};
		C0455E7928257D7E00990351 /* Screens */ = {
			isa = PBXGroup;
			children = (
				C0455E862825910C00990351 /* WelcomeScreen */,
				C0455E872825911800990351 /* Settings */,
				C0455E8A2825922200990351 /* CreateGame */,
				C0455E8D2825923600990351 /* ConnectToGame */,
				C06D637F2839248E00253B24 /* WaitingRoom */,
				C0455E9228259BB300990351 /* Game */,
			);
			path = Screens;
			sourceTree = "<group>";
		};
		C0455E7A28257E5500990351 /* Utils */ = {
			isa = PBXGroup;
			children = (
				4E81D5022833839A00829361 /* Label */,
				C003F32528302B04006F3FE9 /* Helpers */,
				C003F321282FF275006F3FE9 /* Input */,
				C003F320282FF26B006F3FE9 /* Buttons */,
				C003F31F282FF25E006F3FE9 /* Layout */,
				C003F2F9282DBD76006F3FE9 /* Extensions */,
				C003F2C8282D7611006F3FE9 /* Cells */,
				C0455E842825856500990351 /* BunkerLogo.swift */,
				C02D109E283BE1B90053BFD8 /* BunkerTabBar.swift */,
			);
			path = Utils;
			sourceTree = "<group>";
		};
		C0455E812825825500990351 /* Main */ = {
			isa = PBXGroup;
			children = (
				C0455E4728257A0B00990351 /* AppDelegate.swift */,
				C0455E4928257A0B00990351 /* SceneDelegate.swift */,
				C0455E822825827A00990351 /* BaseNavigationController.swift */,
				C0455E962825A1A200990351 /* UserSettings.swift */,
				C003F2C6282D74F9006F3FE9 /* SettingsOptions.swift */,
				C0455E5228257A0B00990351 /* LaunchScreen.storyboard */,
			);
			path = Main;
			sourceTree = "<group>";
		};
		C0455E862825910C00990351 /* WelcomeScreen */ = {
			isa = PBXGroup;
			children = (
				C0455E4B28257A0B00990351 /* WelcomeScreen.swift */,
			);
			path = WelcomeScreen;
			sourceTree = "<group>";
		};
		C0455E872825911800990351 /* Settings */ = {
			isa = PBXGroup;
			children = (
				C0455E882825912F00990351 /* SettingsViewController.swift */,
				C003F2C0282C7615006F3FE9 /* OptionsViewController.swift */,
			);
			path = Settings;
			sourceTree = "<group>";
		};
		C0455E8A2825922200990351 /* CreateGame */ = {
			isa = PBXGroup;
			children = (
				C06D63812839258F00253B24 /* ViewModel */,
				C0455E8B2825923200990351 /* CreateGameViewController.swift */,
				C003F319282FECED006F3FE9 /* PackViewController.swift */,
			);
			path = CreateGame;
			sourceTree = "<group>";
		};
		C0455E8D2825923600990351 /* ConnectToGame */ = {
			isa = PBXGroup;
			children = (
				C02D109B28399EF60053BFD8 /* ViewModel */,
				C0455E9C2825BDCC00990351 /* RoomCodeViewController.swift */,
				C0455E982825A1C300990351 /* ConnectToGameViewController.swift */,
			);
			path = ConnectToGame;
			sourceTree = "<group>";
		};
		C0455E9228259BB300990351 /* Game */ = {
			isa = PBXGroup;
			children = (
				C0455E9A2825A1DF00990351 /* TabGameViewController.swift */,
				C06642D3287CDF0100DD7C28 /* Threats */,
				C06642D7287CDF3600DD7C28 /* MainGame */,
				C06642D5287CDF1900DD7C28 /* Player */,
			);
			path = Game;
			sourceTree = "<group>";
		};
		C0455E932825A11200990351 /* Networking */ = {
			isa = PBXGroup;
			children = (
				C0455E942825A14300990351 /* WebSocketTypes.swift */,
				C033A5062831512A006B7A6C /* WebSocketController.swift */,
			);
			path = Networking;
			sourceTree = "<group>";
		};
		C06642D3287CDF0100DD7C28 /* Threats */ = {
			isa = PBXGroup;
			children = (
				C06642D4287CDF0A00DD7C28 /* ViewModel */,
				C02D10A9283C04800053BFD8 /* ThreatsViewController.swift */,
			);
			path = Threats;
			sourceTree = "<group>";
		};
		C06642D4287CDF0A00DD7C28 /* ViewModel */ = {
			isa = PBXGroup;
			children = (
				C06642CF287CCDFE00DD7C28 /* ThreatsViewModel.swift */,
			);
			path = ViewModel;
			sourceTree = "<group>";
		};
		C06642D5287CDF1900DD7C28 /* Player */ = {
			isa = PBXGroup;
			children = (
				C06642D9287E27CB00DD7C28 /* View */,
				C06642D6287CDF2500DD7C28 /* ViewModel */,
				C02D10A1283BE33A0053BFD8 /* PlayerViewController.swift */,
			);
			path = Player;
			sourceTree = "<group>";
		};
		C06642D6287CDF2500DD7C28 /* ViewModel */ = {
			isa = PBXGroup;
			children = (
				C02D10A3283BE3430053BFD8 /* PlayerViewModel.swift */,
			);
			path = ViewModel;
			sourceTree = "<group>";
		};
		C06642D7287CDF3600DD7C28 /* MainGame */ = {
			isa = PBXGroup;
			children = (
				C06642D8287CDF3D00DD7C28 /* ViewModel */,
				C02D10A7283C046D0053BFD8 /* MainGameViewController.swift */,
			);
			path = MainGame;
			sourceTree = "<group>";
		};
		C06642D8287CDF3D00DD7C28 /* ViewModel */ = {
			isa = PBXGroup;
			children = (
				C06642D1287CCE0800DD7C28 /* MainGameViewModel.swift */,
			);
			path = ViewModel;
			sourceTree = "<group>";
		};
		C06642D9287E27CB00DD7C28 /* View */ = {
			isa = PBXGroup;
			children = (
			);
			path = View;
			sourceTree = "<group>";
		};
		C06D637F2839248E00253B24 /* WaitingRoom */ = {
			isa = PBXGroup;
			children = (
				C06D6380283924A000253B24 /* ViewModel */,
				C033A5082831671E006B7A6C /* WaitingRoomViewController.swift */,
			);
			path = WaitingRoom;
			sourceTree = "<group>";
		};
		C06D6380283924A000253B24 /* ViewModel */ = {
			isa = PBXGroup;
			children = (
				C033A50A283169AB006B7A6C /* WaitingViewModel.swift */,
			);
			path = ViewModel;
			sourceTree = "<group>";
		};
		C06D63812839258F00253B24 /* ViewModel */ = {
			isa = PBXGroup;
			children = (
				C06D637D2838557F00253B24 /* CreateGameViewModel.swift */,
			);
			path = ViewModel;
			sourceTree = "<group>";
		};
		C06D638228394CA800253B24 /* Assets */ = {
			isa = PBXGroup;
			children = (
				C0455E5028257A0B00990351 /* Assets.xcassets */,
				C003F2E2282DB925006F3FE9 /* Icons */,
				4E81D4F52832EDF900829361 /* Sounds */,
				4ED4C609282D90730062D0AD /* Fonts */,
				C003F322283028A3006F3FE9 /* GameData */,
			);
			path = Assets;
			sourceTree = "<group>";
		};
/* End PBXGroup section */

/* Begin PBXNativeTarget section */
		C0455E4328257A0B00990351 /* Bunker */ = {
			isa = PBXNativeTarget;
			buildConfigurationList = C0455E6E28257A0B00990351 /* Build configuration list for PBXNativeTarget "Bunker" */;
			buildPhases = (
				C0455E4028257A0B00990351 /* Sources */,
				C0455E4128257A0B00990351 /* Frameworks */,
				C0455E4228257A0B00990351 /* Resources */,
			);
			buildRules = (
			);
			dependencies = (
			);
			name = Bunker;
			productName = Bunker;
			productReference = C0455E4428257A0B00990351 /* Bunker.app */;
			productType = "com.apple.product-type.application";
		};
		C0455E5928257A0B00990351 /* BunkerTests */ = {
			isa = PBXNativeTarget;
			buildConfigurationList = C0455E7128257A0B00990351 /* Build configuration list for PBXNativeTarget "BunkerTests" */;
			buildPhases = (
				C0455E5628257A0B00990351 /* Sources */,
				C0455E5728257A0B00990351 /* Frameworks */,
				C0455E5828257A0B00990351 /* Resources */,
			);
			buildRules = (
			);
			dependencies = (
				C0455E5C28257A0B00990351 /* PBXTargetDependency */,
			);
			name = BunkerTests;
			productName = BunkerTests;
			productReference = C0455E5A28257A0B00990351 /* BunkerTests.xctest */;
			productType = "com.apple.product-type.bundle.unit-test";
		};
		C0455E6328257A0B00990351 /* BunkerUITests */ = {
			isa = PBXNativeTarget;
			buildConfigurationList = C0455E7428257A0B00990351 /* Build configuration list for PBXNativeTarget "BunkerUITests" */;
			buildPhases = (
				C0455E6028257A0B00990351 /* Sources */,
				C0455E6128257A0B00990351 /* Frameworks */,
				C0455E6228257A0B00990351 /* Resources */,
			);
			buildRules = (
			);
			dependencies = (
				C0455E6628257A0B00990351 /* PBXTargetDependency */,
			);
			name = BunkerUITests;
			productName = BunkerUITests;
			productReference = C0455E6428257A0B00990351 /* BunkerUITests.xctest */;
			productType = "com.apple.product-type.bundle.ui-testing";
		};
/* End PBXNativeTarget section */

/* Begin PBXProject section */
		C0455E3C28257A0B00990351 /* Project object */ = {
			isa = PBXProject;
			attributes = {
				BuildIndependentTargetsInParallel = 1;
				LastSwiftUpdateCheck = 1330;
				LastUpgradeCheck = 1330;
				TargetAttributes = {
					C0455E4328257A0B00990351 = {
						CreatedOnToolsVersion = 13.3;
					};
					C0455E5928257A0B00990351 = {
						CreatedOnToolsVersion = 13.3;
						TestTargetID = C0455E4328257A0B00990351;
					};
					C0455E6328257A0B00990351 = {
						CreatedOnToolsVersion = 13.3;
						TestTargetID = C0455E4328257A0B00990351;
					};
				};
			};
			buildConfigurationList = C0455E3F28257A0B00990351 /* Build configuration list for PBXProject "Bunker" */;
			compatibilityVersion = "Xcode 13.0";
			developmentRegion = en;
			hasScannedForEncodings = 0;
			knownRegions = (
				en,
				Base,
			);
			mainGroup = C0455E3B28257A0B00990351;
			productRefGroup = C0455E4528257A0B00990351 /* Products */;
			projectDirPath = "";
			projectRoot = "";
			targets = (
				C0455E4328257A0B00990351 /* Bunker */,
				C0455E5928257A0B00990351 /* BunkerTests */,
				C0455E6328257A0B00990351 /* BunkerUITests */,
			);
		};
/* End PBXProject section */

/* Begin PBXResourcesBuildPhase section */
		C0455E4228257A0B00990351 /* Resources */ = {
			isa = PBXResourcesBuildPhase;
			buildActionMask = 2147483647;
			files = (
				C003F32D28303D2F006F3FE9 /* threat.json in Resources */,
				C003F2EF282DB942006F3FE9 /* Toxic@2x.png in Resources */,
				4E81D4FD283375ED00829361 /* buttonSound7.mp3 in Resources */,
				C003F2F5282DB942006F3FE9 /* Toxic@3x.png in Resources */,
				4E81D4F72833739800829361 /* buttonSound4.wav in Resources */,
				4ED4C61B282E4EB40062D0AD /* LightPreview.png in Resources */,
				C003F2F4282DB942006F3FE9 /* Holo@3x.png in Resources */,
				4ED4C61A282E4EB40062D0AD /* DarkPreview.png in Resources */,
				4ED4C61F282E4EB40062D0AD /* ToxicPreview.png in Resources */,
				C003F32928303CFF006F3FE9 /* catastrophe.json in Resources */,
				C003F2F2282DB942006F3FE9 /* Alian@2x.png in Resources */,
				C003F2F6282DB942006F3FE9 /* Alian@3x.png in Resources */,
				C033A50D28318677006B7A6C /* buttonSound1.wav in Resources */,
				C003F2F8282DB993006F3FE9 /* Standart60_3x.png in Resources */,
				C003F2EE282DB942006F3FE9 /* Mono@2x.png in Resources */,
				C003F32B28303D1A006F3FE9 /* shelter.json in Resources */,
				C003F2F1282DB942006F3FE9 /* Holo@2x.png in Resources */,
				4E81D4F42832EDE000829361 /* buttonSound3.wav in Resources */,
				4ED4C60B282D90BB0062D0AD /* SF-Pro-Display-Medium.otf in Resources */,
				4E81D4F92833743900829361 /* buttonSound5.wav in Resources */,
				C0455E5428257A0B00990351 /* LaunchScreen.storyboard in Resources */,
				4ED4C60D282D90C60062D0AD /* SF-Pro-Display-Bold.otf in Resources */,
				4ED4C61E282E4EB40062D0AD /* AlianPreview.png in Resources */,
				4E81D4F22832EDD400829361 /* buttonSound2.wav in Resources */,
				4E81D4FF2833771D00829361 /* buttonSound8.mp3 in Resources */,
				C003F2F3282DB942006F3FE9 /* Dark@3x.png in Resources */,
				4ED4C61D282E4EB40062D0AD /* MonoPreview.png in Resources */,
				4ED4C60F282D90DD0062D0AD /* SF-Pro-Display-Regular.otf in Resources */,
				4ED4C61C282E4EB40062D0AD /* HoloPreview.png in Resources */,
				C0455E5128257A0B00990351 /* Assets.xcassets in Resources */,
				4E81D4FB283374F000829361 /* buttonSound6.mp3 in Resources */,
				C003F32F28303D4A006F3FE9 /* condition.json in Resources */,
				C003F2F0282DB942006F3FE9 /* Dark@2x.png in Resources */,
				4E81D5012833772800829361 /* buttonSound9.wav in Resources */,
				C003F2ED282DB942006F3FE9 /* Mono3x.png in Resources */,
			);
			runOnlyForDeploymentPostprocessing = 0;
		};
		C0455E5828257A0B00990351 /* Resources */ = {
			isa = PBXResourcesBuildPhase;
			buildActionMask = 2147483647;
			files = (
			);
			runOnlyForDeploymentPostprocessing = 0;
		};
		C0455E6228257A0B00990351 /* Resources */ = {
			isa = PBXResourcesBuildPhase;
			buildActionMask = 2147483647;
			files = (
			);
			runOnlyForDeploymentPostprocessing = 0;
		};
/* End PBXResourcesBuildPhase section */

/* Begin PBXSourcesBuildPhase section */
		C0455E4028257A0B00990351 /* Sources */ = {
			isa = PBXSourcesBuildPhase;
			buildActionMask = 2147483647;
			files = (
				C003F310282EF25A006F3FE9 /* ScreenSize.swift in Sources */,
				C0455E832825827A00990351 /* BaseNavigationController.swift in Sources */,
				C06D637E2838557F00253B24 /* CreateGameViewModel.swift in Sources */,
				C003F316282FE026006F3FE9 /* Catastrophe.swift in Sources */,
				C0455E4C28257A0B00990351 /* WelcomeScreen.swift in Sources */,
				C033A50B283169AB006B7A6C /* WaitingViewModel.swift in Sources */,
				C02D109D28399F050053BFD8 /* ConnectViewModel.swift in Sources */,
				C06D637C2836ED9C00253B24 /* WaitingRoom.swift in Sources */,
				C06642D0287CCDFE00DD7C28 /* ThreatsViewModel.swift in Sources */,
				C003F2BF282C6AA7006F3FE9 /* SettingsCollectionViewCell.swift in Sources */,
				C003F31A282FECED006F3FE9 /* PackViewController.swift in Sources */,
				C003F314282FE01A006F3FE9 /* GamePreferences.swift in Sources */,
				C003F2C5282D4320006F3FE9 /* IconCollectionViewCell.swift in Sources */,
				C003F31C282FEFE7006F3FE9 /* PackCollectionViewCell.swift in Sources */,
				C003F2C1282C7615006F3FE9 /* OptionsViewController.swift in Sources */,
				C02D10A2283BE33A0053BFD8 /* PlayerViewController.swift in Sources */,
				C003F318282FE030006F3FE9 /* Shelter.swift in Sources */,
				C003F2C7282D74F9006F3FE9 /* SettingsOptions.swift in Sources */,
				C02D109F283BE1B90053BFD8 /* BunkerTabBar.swift in Sources */,
				C048A072283283EA008C9F5B /* WaitingCollectionViewCell.swift in Sources */,
				C0455E7828257C4400990351 /* Colors.swift in Sources */,
				C003F33128304971006F3FE9 /* String+Height.swift in Sources */,
				C02D10A8283C046D0053BFD8 /* MainGameViewController.swift in Sources */,
				C0455E892825912F00990351 /* SettingsViewController.swift in Sources */,
				C06642D2287CCE0800DD7C28 /* MainGameViewModel.swift in Sources */,
				C0455E4828257A0B00990351 /* AppDelegate.swift in Sources */,
				C033A5092831671E006B7A6C /* WaitingRoomViewController.swift in Sources */,
				C0455E852825856500990351 /* BunkerLogo.swift in Sources */,
				C0455E9B2825A1DF00990351 /* TabGameViewController.swift in Sources */,
				C003F31E282FF22D006F3FE9 /* DynamicLayout.swift in Sources */,
				C0455E992825A1C300990351 /* ConnectToGameViewController.swift in Sources */,
				C02D10AA283C04800053BFD8 /* ThreatsViewController.swift in Sources */,
				C033A5072831512A006B7A6C /* WebSocketController.swift in Sources */,
				C0455E972825A1A200990351 /* UserSettings.swift in Sources */,
				C0455E7C28257E8E00990351 /* PrimaryButton.swift in Sources */,
				C0455E4A28257A0B00990351 /* SceneDelegate.swift in Sources */,
				C02D10A4283BE3430053BFD8 /* PlayerViewModel.swift in Sources */,
				C003F2FB282DBD8B006F3FE9 /* Font.swift in Sources */,
				C003F2C3282C76EA006F3FE9 /* VersionCollectionViewCell.swift in Sources */,
				4E45DA9228318B0100F5BF7A /* Label.swift in Sources */,
				C06642CE287B8A6300DD7C28 /* ConditionCollectionViewCell.swift in Sources */,
				C0BAE407285BD0F2005F1E3C /* ButtonCollectionViewCell.swift in Sources */,
				C0455E8F282592C400990351 /* BunkerTextField.swift in Sources */,
				C0455E9F2825C5F500990351 /* SplittedDigitInput.swift in Sources */,
				C0455E8C2825923200990351 /* CreateGameViewController.swift in Sources */,
				C0455E802825805000990351 /* View+Pin.swift in Sources */,
				C0455E9D2825BDCC00990351 /* RoomCodeViewController.swift in Sources */,
				C0455E7E28257ECD00990351 /* CALayer+Shadow.swift in Sources */,
				C003F32728302B11006F3FE9 /* JsonManager.swift in Sources */,
				C02D10A6283BE44E0053BFD8 /* Game.swift in Sources */,
				C0455E912825968C00990351 /* GameOptionView.swift in Sources */,
				4E81D504283383B900829361 /* Baige.swift in Sources */,
				C0455E952825A14300990351 /* WebSocketTypes.swift in Sources */,
			);
			runOnlyForDeploymentPostprocessing = 0;
		};
		C0455E5628257A0B00990351 /* Sources */ = {
			isa = PBXSourcesBuildPhase;
			buildActionMask = 2147483647;
			files = (
				C0455E5F28257A0B00990351 /* BunkerTests.swift in Sources */,
			);
			runOnlyForDeploymentPostprocessing = 0;
		};
		C0455E6028257A0B00990351 /* Sources */ = {
			isa = PBXSourcesBuildPhase;
			buildActionMask = 2147483647;
			files = (
				C0455E6928257A0B00990351 /* BunkerUITests.swift in Sources */,
				C0455E6B28257A0B00990351 /* BunkerUITestsLaunchTests.swift in Sources */,
			);
			runOnlyForDeploymentPostprocessing = 0;
		};
/* End PBXSourcesBuildPhase section */

/* Begin PBXTargetDependency section */
		C0455E5C28257A0B00990351 /* PBXTargetDependency */ = {
			isa = PBXTargetDependency;
			target = C0455E4328257A0B00990351 /* Bunker */;
			targetProxy = C0455E5B28257A0B00990351 /* PBXContainerItemProxy */;
		};
		C0455E6628257A0B00990351 /* PBXTargetDependency */ = {
			isa = PBXTargetDependency;
			target = C0455E4328257A0B00990351 /* Bunker */;
			targetProxy = C0455E6528257A0B00990351 /* PBXContainerItemProxy */;
		};
/* End PBXTargetDependency section */

/* Begin PBXVariantGroup section */
		C0455E5228257A0B00990351 /* LaunchScreen.storyboard */ = {
			isa = PBXVariantGroup;
			children = (
				C0455E5328257A0B00990351 /* Base */,
			);
			name = LaunchScreen.storyboard;
			sourceTree = "<group>";
		};
/* End PBXVariantGroup section */

/* Begin XCBuildConfiguration section */
		C0455E6C28257A0B00990351 /* Debug */ = {
			isa = XCBuildConfiguration;
			buildSettings = {
				ALWAYS_SEARCH_USER_PATHS = NO;
				CLANG_ANALYZER_NONNULL = YES;
				CLANG_ANALYZER_NUMBER_OBJECT_CONVERSION = YES_AGGRESSIVE;
				CLANG_CXX_LANGUAGE_STANDARD = "gnu++17";
				CLANG_ENABLE_MODULES = YES;
				CLANG_ENABLE_OBJC_ARC = YES;
				CLANG_ENABLE_OBJC_WEAK = YES;
				CLANG_WARN_BLOCK_CAPTURE_AUTORELEASING = YES;
				CLANG_WARN_BOOL_CONVERSION = YES;
				CLANG_WARN_COMMA = YES;
				CLANG_WARN_CONSTANT_CONVERSION = YES;
				CLANG_WARN_DEPRECATED_OBJC_IMPLEMENTATIONS = YES;
				CLANG_WARN_DIRECT_OBJC_ISA_USAGE = YES_ERROR;
				CLANG_WARN_DOCUMENTATION_COMMENTS = YES;
				CLANG_WARN_EMPTY_BODY = YES;
				CLANG_WARN_ENUM_CONVERSION = YES;
				CLANG_WARN_INFINITE_RECURSION = YES;
				CLANG_WARN_INT_CONVERSION = YES;
				CLANG_WARN_NON_LITERAL_NULL_CONVERSION = YES;
				CLANG_WARN_OBJC_IMPLICIT_RETAIN_SELF = YES;
				CLANG_WARN_OBJC_LITERAL_CONVERSION = YES;
				CLANG_WARN_OBJC_ROOT_CLASS = YES_ERROR;
				CLANG_WARN_QUOTED_INCLUDE_IN_FRAMEWORK_HEADER = YES;
				CLANG_WARN_RANGE_LOOP_ANALYSIS = YES;
				CLANG_WARN_STRICT_PROTOTYPES = YES;
				CLANG_WARN_SUSPICIOUS_MOVE = YES;
				CLANG_WARN_UNGUARDED_AVAILABILITY = YES_AGGRESSIVE;
				CLANG_WARN_UNREACHABLE_CODE = YES;
				CLANG_WARN__DUPLICATE_METHOD_MATCH = YES;
				COPY_PHASE_STRIP = NO;
				DEBUG_INFORMATION_FORMAT = dwarf;
				ENABLE_STRICT_OBJC_MSGSEND = YES;
				ENABLE_TESTABILITY = YES;
				GCC_C_LANGUAGE_STANDARD = gnu11;
				GCC_DYNAMIC_NO_PIC = NO;
				GCC_NO_COMMON_BLOCKS = YES;
				GCC_OPTIMIZATION_LEVEL = 0;
				GCC_PREPROCESSOR_DEFINITIONS = (
					"DEBUG=1",
					"$(inherited)",
				);
				GCC_WARN_64_TO_32_BIT_CONVERSION = YES;
				GCC_WARN_ABOUT_RETURN_TYPE = YES_ERROR;
				GCC_WARN_UNDECLARED_SELECTOR = YES;
				GCC_WARN_UNINITIALIZED_AUTOS = YES_AGGRESSIVE;
				GCC_WARN_UNUSED_FUNCTION = YES;
				GCC_WARN_UNUSED_VARIABLE = YES;
				IPHONEOS_DEPLOYMENT_TARGET = 15.4;
				MTL_ENABLE_DEBUG_INFO = INCLUDE_SOURCE;
				MTL_FAST_MATH = YES;
				ONLY_ACTIVE_ARCH = YES;
				SDKROOT = iphoneos;
				SWIFT_ACTIVE_COMPILATION_CONDITIONS = DEBUG;
				SWIFT_OPTIMIZATION_LEVEL = "-Onone";
			};
			name = Debug;
		};
		C0455E6D28257A0B00990351 /* Release */ = {
			isa = XCBuildConfiguration;
			buildSettings = {
				ALWAYS_SEARCH_USER_PATHS = NO;
				CLANG_ANALYZER_NONNULL = YES;
				CLANG_ANALYZER_NUMBER_OBJECT_CONVERSION = YES_AGGRESSIVE;
				CLANG_CXX_LANGUAGE_STANDARD = "gnu++17";
				CLANG_ENABLE_MODULES = YES;
				CLANG_ENABLE_OBJC_ARC = YES;
				CLANG_ENABLE_OBJC_WEAK = YES;
				CLANG_WARN_BLOCK_CAPTURE_AUTORELEASING = YES;
				CLANG_WARN_BOOL_CONVERSION = YES;
				CLANG_WARN_COMMA = YES;
				CLANG_WARN_CONSTANT_CONVERSION = YES;
				CLANG_WARN_DEPRECATED_OBJC_IMPLEMENTATIONS = YES;
				CLANG_WARN_DIRECT_OBJC_ISA_USAGE = YES_ERROR;
				CLANG_WARN_DOCUMENTATION_COMMENTS = YES;
				CLANG_WARN_EMPTY_BODY = YES;
				CLANG_WARN_ENUM_CONVERSION = YES;
				CLANG_WARN_INFINITE_RECURSION = YES;
				CLANG_WARN_INT_CONVERSION = YES;
				CLANG_WARN_NON_LITERAL_NULL_CONVERSION = YES;
				CLANG_WARN_OBJC_IMPLICIT_RETAIN_SELF = YES;
				CLANG_WARN_OBJC_LITERAL_CONVERSION = YES;
				CLANG_WARN_OBJC_ROOT_CLASS = YES_ERROR;
				CLANG_WARN_QUOTED_INCLUDE_IN_FRAMEWORK_HEADER = YES;
				CLANG_WARN_RANGE_LOOP_ANALYSIS = YES;
				CLANG_WARN_STRICT_PROTOTYPES = YES;
				CLANG_WARN_SUSPICIOUS_MOVE = YES;
				CLANG_WARN_UNGUARDED_AVAILABILITY = YES_AGGRESSIVE;
				CLANG_WARN_UNREACHABLE_CODE = YES;
				CLANG_WARN__DUPLICATE_METHOD_MATCH = YES;
				COPY_PHASE_STRIP = NO;
				DEBUG_INFORMATION_FORMAT = "dwarf-with-dsym";
				ENABLE_NS_ASSERTIONS = NO;
				ENABLE_STRICT_OBJC_MSGSEND = YES;
				GCC_C_LANGUAGE_STANDARD = gnu11;
				GCC_NO_COMMON_BLOCKS = YES;
				GCC_WARN_64_TO_32_BIT_CONVERSION = YES;
				GCC_WARN_ABOUT_RETURN_TYPE = YES_ERROR;
				GCC_WARN_UNDECLARED_SELECTOR = YES;
				GCC_WARN_UNINITIALIZED_AUTOS = YES_AGGRESSIVE;
				GCC_WARN_UNUSED_FUNCTION = YES;
				GCC_WARN_UNUSED_VARIABLE = YES;
				IPHONEOS_DEPLOYMENT_TARGET = 15.4;
				MTL_ENABLE_DEBUG_INFO = NO;
				MTL_FAST_MATH = YES;
				SDKROOT = iphoneos;
				SWIFT_COMPILATION_MODE = wholemodule;
				SWIFT_OPTIMIZATION_LEVEL = "-O";
				VALIDATE_PRODUCT = YES;
			};
			name = Release;
		};
		C0455E6F28257A0B00990351 /* Debug */ = {
			isa = XCBuildConfiguration;
			buildSettings = {
				ASSETCATALOG_COMPILER_APPICON_NAME = AppIcon;
				ASSETCATALOG_COMPILER_GLOBAL_ACCENT_COLOR_NAME = "";
				CODE_SIGN_STYLE = Automatic;
				CURRENT_PROJECT_VERSION = 1;
				DEVELOPMENT_TEAM = 7QZL932B66;
				GENERATE_INFOPLIST_FILE = YES;
				INFOPLIST_FILE = Bunker/Info.plist;
				INFOPLIST_KEY_UIApplicationSupportsIndirectInputEvents = YES;
				INFOPLIST_KEY_UILaunchStoryboardName = LaunchScreen;
				INFOPLIST_KEY_UISupportedInterfaceOrientations = UIInterfaceOrientationPortrait;
				INFOPLIST_KEY_UISupportedInterfaceOrientations_iPad = "UIInterfaceOrientationPortrait UIInterfaceOrientationPortraitUpsideDown UIInterfaceOrientationLandscapeLeft UIInterfaceOrientationLandscapeRight";
				INFOPLIST_KEY_UISupportedInterfaceOrientations_iPhone = "UIInterfaceOrientationPortrait UIInterfaceOrientationLandscapeLeft UIInterfaceOrientationLandscapeRight";
				LD_RUNPATH_SEARCH_PATHS = (
					"$(inherited)",
					"@executable_path/Frameworks",
				);
				MARKETING_VERSION = 1.0;
				PRODUCT_BUNDLE_IDENTIFIER = skyman44.Bunker;
				PRODUCT_NAME = "$(TARGET_NAME)";
				SWIFT_EMIT_LOC_STRINGS = YES;
				SWIFT_VERSION = 5.0;
				TARGETED_DEVICE_FAMILY = "1,2";
			};
			name = Debug;
		};
		C0455E7028257A0B00990351 /* Release */ = {
			isa = XCBuildConfiguration;
			buildSettings = {
				ASSETCATALOG_COMPILER_APPICON_NAME = AppIcon;
				ASSETCATALOG_COMPILER_GLOBAL_ACCENT_COLOR_NAME = "";
				CODE_SIGN_STYLE = Automatic;
				CURRENT_PROJECT_VERSION = 1;
				DEVELOPMENT_TEAM = 7QZL932B66;
				GENERATE_INFOPLIST_FILE = YES;
				INFOPLIST_FILE = Bunker/Info.plist;
				INFOPLIST_KEY_UIApplicationSupportsIndirectInputEvents = YES;
				INFOPLIST_KEY_UILaunchStoryboardName = LaunchScreen;
				INFOPLIST_KEY_UISupportedInterfaceOrientations = UIInterfaceOrientationPortrait;
				INFOPLIST_KEY_UISupportedInterfaceOrientations_iPad = "UIInterfaceOrientationPortrait UIInterfaceOrientationPortraitUpsideDown UIInterfaceOrientationLandscapeLeft UIInterfaceOrientationLandscapeRight";
				INFOPLIST_KEY_UISupportedInterfaceOrientations_iPhone = "UIInterfaceOrientationPortrait UIInterfaceOrientationLandscapeLeft UIInterfaceOrientationLandscapeRight";
				LD_RUNPATH_SEARCH_PATHS = (
					"$(inherited)",
					"@executable_path/Frameworks",
				);
				MARKETING_VERSION = 1.0;
				PRODUCT_BUNDLE_IDENTIFIER = skyman44.Bunker;
				PRODUCT_NAME = "$(TARGET_NAME)";
				SWIFT_EMIT_LOC_STRINGS = YES;
				SWIFT_VERSION = 5.0;
				TARGETED_DEVICE_FAMILY = "1,2";
			};
			name = Release;
		};
		C0455E7228257A0B00990351 /* Debug */ = {
			isa = XCBuildConfiguration;
			buildSettings = {
				ALWAYS_EMBED_SWIFT_STANDARD_LIBRARIES = YES;
				BUNDLE_LOADER = "$(TEST_HOST)";
				CODE_SIGN_STYLE = Automatic;
				CURRENT_PROJECT_VERSION = 1;
				DEVELOPMENT_TEAM = 7QZL932B66;
				GENERATE_INFOPLIST_FILE = YES;
				IPHONEOS_DEPLOYMENT_TARGET = 15.4;
				MARKETING_VERSION = 1.0;
				PRODUCT_BUNDLE_IDENTIFIER = skyman44.BunkerTests;
				PRODUCT_NAME = "$(TARGET_NAME)";
				SWIFT_EMIT_LOC_STRINGS = NO;
				SWIFT_VERSION = 5.0;
				TARGETED_DEVICE_FAMILY = "1,2";
				TEST_HOST = "$(BUILT_PRODUCTS_DIR)/Bunker.app/Bunker";
			};
			name = Debug;
		};
		C0455E7328257A0B00990351 /* Release */ = {
			isa = XCBuildConfiguration;
			buildSettings = {
				ALWAYS_EMBED_SWIFT_STANDARD_LIBRARIES = YES;
				BUNDLE_LOADER = "$(TEST_HOST)";
				CODE_SIGN_STYLE = Automatic;
				CURRENT_PROJECT_VERSION = 1;
				DEVELOPMENT_TEAM = 7QZL932B66;
				GENERATE_INFOPLIST_FILE = YES;
				IPHONEOS_DEPLOYMENT_TARGET = 15.4;
				MARKETING_VERSION = 1.0;
				PRODUCT_BUNDLE_IDENTIFIER = skyman44.BunkerTests;
				PRODUCT_NAME = "$(TARGET_NAME)";
				SWIFT_EMIT_LOC_STRINGS = NO;
				SWIFT_VERSION = 5.0;
				TARGETED_DEVICE_FAMILY = "1,2";
				TEST_HOST = "$(BUILT_PRODUCTS_DIR)/Bunker.app/Bunker";
			};
			name = Release;
		};
		C0455E7528257A0B00990351 /* Debug */ = {
			isa = XCBuildConfiguration;
			buildSettings = {
				ALWAYS_EMBED_SWIFT_STANDARD_LIBRARIES = YES;
				CODE_SIGN_STYLE = Automatic;
				CURRENT_PROJECT_VERSION = 1;
				DEVELOPMENT_TEAM = 7QZL932B66;
				GENERATE_INFOPLIST_FILE = YES;
				MARKETING_VERSION = 1.0;
				PRODUCT_BUNDLE_IDENTIFIER = skyman44.BunkerUITests;
				PRODUCT_NAME = "$(TARGET_NAME)";
				SWIFT_EMIT_LOC_STRINGS = NO;
				SWIFT_VERSION = 5.0;
				TARGETED_DEVICE_FAMILY = "1,2";
				TEST_TARGET_NAME = Bunker;
			};
			name = Debug;
		};
		C0455E7628257A0B00990351 /* Release */ = {
			isa = XCBuildConfiguration;
			buildSettings = {
				ALWAYS_EMBED_SWIFT_STANDARD_LIBRARIES = YES;
				CODE_SIGN_STYLE = Automatic;
				CURRENT_PROJECT_VERSION = 1;
				DEVELOPMENT_TEAM = 7QZL932B66;
				GENERATE_INFOPLIST_FILE = YES;
				MARKETING_VERSION = 1.0;
				PRODUCT_BUNDLE_IDENTIFIER = skyman44.BunkerUITests;
				PRODUCT_NAME = "$(TARGET_NAME)";
				SWIFT_EMIT_LOC_STRINGS = NO;
				SWIFT_VERSION = 5.0;
				TARGETED_DEVICE_FAMILY = "1,2";
				TEST_TARGET_NAME = Bunker;
			};
			name = Release;
		};
/* End XCBuildConfiguration section */

/* Begin XCConfigurationList section */
		C0455E3F28257A0B00990351 /* Build configuration list for PBXProject "Bunker" */ = {
			isa = XCConfigurationList;
			buildConfigurations = (
				C0455E6C28257A0B00990351 /* Debug */,
				C0455E6D28257A0B00990351 /* Release */,
			);
			defaultConfigurationIsVisible = 0;
			defaultConfigurationName = Release;
		};
		C0455E6E28257A0B00990351 /* Build configuration list for PBXNativeTarget "Bunker" */ = {
			isa = XCConfigurationList;
			buildConfigurations = (
				C0455E6F28257A0B00990351 /* Debug */,
				C0455E7028257A0B00990351 /* Release */,
			);
			defaultConfigurationIsVisible = 0;
			defaultConfigurationName = Release;
		};
		C0455E7128257A0B00990351 /* Build configuration list for PBXNativeTarget "BunkerTests" */ = {
			isa = XCConfigurationList;
			buildConfigurations = (
				C0455E7228257A0B00990351 /* Debug */,
				C0455E7328257A0B00990351 /* Release */,
			);
			defaultConfigurationIsVisible = 0;
			defaultConfigurationName = Release;
		};
		C0455E7428257A0B00990351 /* Build configuration list for PBXNativeTarget "BunkerUITests" */ = {
			isa = XCConfigurationList;
			buildConfigurations = (
				C0455E7528257A0B00990351 /* Debug */,
				C0455E7628257A0B00990351 /* Release */,
			);
			defaultConfigurationIsVisible = 0;
			defaultConfigurationName = Release;
		};
/* End XCConfigurationList section */
	};
	rootObject = C0455E3C28257A0B00990351 /* Project object */;
}
